
Microsoft Visual Studio Solution File, Format Version 12.00
# Visual Studio Version 17
VisualStudioVersion = 17.4.33205.214
MinimumVisualStudioVersion = 10.0.40219.1
Project("{FAE04EC0-301F-11D3-BF4B-00C04F79EFBC}") = "Skyline.BitrateCalculation.API", "Skyline.BitrateCalculation.API\Skyline.BitrateCalculation.API.csproj", "{1B9B3176-3025-42B9-8D2B-6C7145D23001}"
EndProject
Global
	GlobalSection(SolutionConfigurationPlatforms) = preSolution
		Debug|Any CPU = Debug|Any CPU
		Release|Any CPU = Release|Any CPU
	EndGlobalSection
	GlobalSection(ProjectConfigurationPlatforms) = postSolution
		{1B9B3176-3025-42B9-8D2B-6C7145D23001}.Debug|Any CPU.ActiveCfg = Debug|Any CPU
		{1B9B3176-3025-42B9-8D2B-6C7145D23001}.Debug|Any CPU.Build.0 = Debug|Any CPU
		{1B9B3176-3025-42B9-8D2B-6C7145D23001}.Release|Any CPU.ActiveCfg = Release|Any CPU
		{1B9B3176-3025-42B9-8D2B-6C7145D23001}.Release|Any CPU.Build.0 = Release|Any CPU
	EndGlobalSection
	GlobalSection(SolutionProperties) = preSolution
		HideSolutionNode = FALSE
	EndGlobalSection
	GlobalSection(ExtensibilityGlobals) = postSolution
		SolutionGuid = {44ABEC14-EDED-4A52-B9C3-2BCE578F839F}
	EndGlobalSection
EndGlobal
